# This file is automatically @generated by Cargo.
# It is not intended for manual editing.
version = 3

[[package]]
name = "bootinfo"
version = "0.1.0"
dependencies = [
 "essentials",
]

[[package]]
name = "elf"
version = "0.1.0"
dependencies = [
 "essentials",
 "test_runner",
]

[[package]]
name = "essentials"
version = "0.1.0"
dependencies = [
 "test_runner",
]

[[package]]
name = "kernel"
version = "0.1.0"
dependencies = [
 "bootinfo",
 "essentials",
 "path",
 "x86_64",
]

[[package]]
name = "path"
version = "0.1.0"
dependencies = [
 "test_runner",
]

[[package]]
name = "pre-kernel"
version = "0.1.0"
dependencies = [
 "bootinfo",
 "elf",
 "essentials",
 "x86_64",
]

[[package]]
name = "test_runner"
version = "0.1.0"

[[package]]
name = "x86_64"
version = "0.1.0"
dependencies = [
 "essentials",
 "test_runner",
]

[[package]]
name = "zenix"
version = "0.1.0"
dependencies = [
 "kernel",
]
